
Microsoft Visual Studio Solution File, Format Version 12.00
# Visual Studio 2013
VisualStudioVersion = 12.0.21005.1
MinimumVisualStudioVersion = 10.0.40219.1
Project("{FAE04EC0-301F-11D3-BF4B-00C04F79EFBC}") = "Clank.Core", "Clank\Clank.Core.csproj", "{17E4DACD-74DC-4197-8142-911DC0833C7A}"
EndProject
Project("{FAE04EC0-301F-11D3-BF4B-00C04F79EFBC}") = "Clank.Client", "Clank.Client\Clank.Client.csproj", "{D81933AB-CF96-4DE3-9920-AF4D8FFC7877}"
EndProject
Project("{FAE04EC0-301F-11D3-BF4B-00C04F79EFBC}") = "Clank.Compiler", "Clank.Compiler\Clank.Compiler.csproj", "{16B7ABE0-12C7-41C2-9BAB-DE736813CE95}"
EndProject
Project("{FAE04EC0-301F-11D3-BF4B-00C04F79EFBC}") = "Clank.IDE", "Clank.IDE\Clank.IDE.csproj", "{947A1E5B-6FD3-4E4D-AE29-15F43DF7E478}"
EndProject
Project("{FAE04EC0-301F-11D3-BF4B-00C04F79EFBC}") = "ICSharpCode.TextEditor", "Editor\ICSharpCode.TextEditor.csproj", "{2D18BE89-D210-49EB-A9DD-2246FBB3DF6D}"
EndProject
Project("{FAE04EC0-301F-11D3-BF4B-00C04F79EFBC}") = "PonyCarpetExtractor", "PonyCarpetExtractor\PonyCarpetExtractor.csproj", "{F0CE7CAD-DE71-4EED-9490-AEEB7C1BAFE1}"
EndProject
Project("{FAE04EC0-301F-11D3-BF4B-00C04F79EFBC}") = "Codinsa2015.Client", "Codinsa2015.Client\Codinsa2015.Client\Codinsa2015.Client.csproj", "{D4CEBEB4-4CE5-4FCF-A9F7-E3977A9DFB74}"
EndProject
Project("{FAE04EC0-301F-11D3-BF4B-00C04F79EFBC}") = "Codinsa2015", "Codinsa2015\Codinsa2015\Codinsa2015.csproj", "{69BA97D2-8F6F-4AA4-8870-C5234BCF26BE}"
EndProject
Project("{FAE04EC0-301F-11D3-BF4B-00C04F79EFBC}") = "Codinsa2015Content", "Codinsa2015\Codinsa2015Content\Codinsa2015Content.contentproj", "{4F0C9D7F-0FA5-48C2-8298-929BBBF68C6C}"
EndProject
Project("{FAE04EC0-301F-11D3-BF4B-00C04F79EFBC}") = "Clank.ViewCreator", "Clank.ViewCreator\Clank.ViewCreator.csproj", "{AC6299C5-17CC-4D25-9B2B-B29EB1A896DB}"
EndProject
Project("{FAE04EC0-301F-11D3-BF4B-00C04F79EFBC}") = "Codinsa2015.Rendering", "Codinsa2015.Display\Codinsa2015.Rendering.csproj", "{F6B99C08-D549-46D1-9B94-2F617CA602BE}"
EndProject
Project("{FAE04EC0-301F-11D3-BF4B-00C04F79EFBC}") = "Codinsa2015.Gui", "Codinsa2015.Gui\Codinsa2015.Gui.csproj", "{F963B283-5014-4F2E-B274-4329162BF7BE}"
EndProject
Project("{FAE04EC0-301F-11D3-BF4B-00C04F79EFBC}") = "Codinsa2015.Input", "Codinsa2015.Input\Codinsa2015.Input.csproj", "{84F613A5-6F31-4156-843A-A613901320B1}"
EndProject
Project("{FAE04EC0-301F-11D3-BF4B-00C04F79EFBC}") = "Codinsa2015.Ressources", "Codinsa2015.Ressources\Codinsa2015.Ressources.csproj", "{EC96E98D-1BCB-43F7-8A7E-2BEAC9BE1F47}"
EndProject
Project("{FAE04EC0-301F-11D3-BF4B-00C04F79EFBC}") = "Codinsa2015.DebugHumanControler", "Codinsa2015.DebugHumanControler\Codinsa2015.DebugHumanControler\Codinsa2015.DebugHumanControler.csproj", "{0869FFBF-0AC9-49CC-8E7A-CC1C52D99559}"
EndProject
Project("{FAE04EC0-301F-11D3-BF4B-00C04F79EFBC}") = "Codinsa2015.MapImporter", "MapImporter\Codinsa2015.MapImporter.csproj", "{89610A03-345B-4CDA-93CC-FCE33D8AA54E}"
EndProject
Global
	GlobalSection(SolutionConfigurationPlatforms) = preSolution
		Debug|Any CPU = Debug|Any CPU
		Debug|Mixed Platforms = Debug|Mixed Platforms
		Debug|x86 = Debug|x86
		Release|Any CPU = Release|Any CPU
		Release|Mixed Platforms = Release|Mixed Platforms
		Release|x86 = Release|x86
	EndGlobalSection
	GlobalSection(ProjectConfigurationPlatforms) = postSolution
		{17E4DACD-74DC-4197-8142-911DC0833C7A}.Debug|Any CPU.ActiveCfg = Debug|Any CPU
		{17E4DACD-74DC-4197-8142-911DC0833C7A}.Debug|Any CPU.Build.0 = Debug|Any CPU
		{17E4DACD-74DC-4197-8142-911DC0833C7A}.Debug|Mixed Platforms.ActiveCfg = Debug|Any CPU
		{17E4DACD-74DC-4197-8142-911DC0833C7A}.Debug|Mixed Platforms.Build.0 = Debug|Any CPU
		{17E4DACD-74DC-4197-8142-911DC0833C7A}.Debug|x86.ActiveCfg = Debug|Any CPU
		{17E4DACD-74DC-4197-8142-911DC0833C7A}.Release|Any CPU.ActiveCfg = Release|Any CPU
		{17E4DACD-74DC-4197-8142-911DC0833C7A}.Release|Any CPU.Build.0 = Release|Any CPU
		{17E4DACD-74DC-4197-8142-911DC0833C7A}.Release|Mixed Platforms.ActiveCfg = Release|Any CPU
		{17E4DACD-74DC-4197-8142-911DC0833C7A}.Release|Mixed Platforms.Build.0 = Release|Any CPU
		{17E4DACD-74DC-4197-8142-911DC0833C7A}.Release|x86.ActiveCfg = Release|Any CPU
		{D81933AB-CF96-4DE3-9920-AF4D8FFC7877}.Debug|Any CPU.ActiveCfg = Debug|Any CPU
		{D81933AB-CF96-4DE3-9920-AF4D8FFC7877}.Debug|Any CPU.Build.0 = Debug|Any CPU
		{D81933AB-CF96-4DE3-9920-AF4D8FFC7877}.Debug|Mixed Platforms.ActiveCfg = Debug|Any CPU
		{D81933AB-CF96-4DE3-9920-AF4D8FFC7877}.Debug|Mixed Platforms.Build.0 = Debug|Any CPU
		{D81933AB-CF96-4DE3-9920-AF4D8FFC7877}.Debug|x86.ActiveCfg = Debug|Any CPU
		{D81933AB-CF96-4DE3-9920-AF4D8FFC7877}.Release|Any CPU.ActiveCfg = Release|Any CPU
		{D81933AB-CF96-4DE3-9920-AF4D8FFC7877}.Release|Any CPU.Build.0 = Release|Any CPU
		{D81933AB-CF96-4DE3-9920-AF4D8FFC7877}.Release|Mixed Platforms.ActiveCfg = Release|Any CPU
		{D81933AB-CF96-4DE3-9920-AF4D8FFC7877}.Release|Mixed Platforms.Build.0 = Release|Any CPU
		{D81933AB-CF96-4DE3-9920-AF4D8FFC7877}.Release|x86.ActiveCfg = Release|Any CPU
		{16B7ABE0-12C7-41C2-9BAB-DE736813CE95}.Debug|Any CPU.ActiveCfg = Debug|Any CPU
		{16B7ABE0-12C7-41C2-9BAB-DE736813CE95}.Debug|Any CPU.Build.0 = Debug|Any CPU
		{16B7ABE0-12C7-41C2-9BAB-DE736813CE95}.Debug|Mixed Platforms.ActiveCfg = Debug|Any CPU
		{16B7ABE0-12C7-41C2-9BAB-DE736813CE95}.Debug|Mixed Platforms.Build.0 = Debug|Any CPU
		{16B7ABE0-12C7-41C2-9BAB-DE736813CE95}.Debug|x86.ActiveCfg = Debug|Any CPU
		{16B7ABE0-12C7-41C2-9BAB-DE736813CE95}.Release|Any CPU.ActiveCfg = Release|Any CPU
		{16B7ABE0-12C7-41C2-9BAB-DE736813CE95}.Release|Any CPU.Build.0 = Release|Any CPU
		{16B7ABE0-12C7-41C2-9BAB-DE736813CE95}.Release|Mixed Platforms.ActiveCfg = Release|Any CPU
		{16B7ABE0-12C7-41C2-9BAB-DE736813CE95}.Release|Mixed Platforms.Build.0 = Release|Any CPU
		{16B7ABE0-12C7-41C2-9BAB-DE736813CE95}.Release|x86.ActiveCfg = Release|Any CPU
		{947A1E5B-6FD3-4E4D-AE29-15F43DF7E478}.Debug|Any CPU.ActiveCfg = Debug|Any CPU
		{947A1E5B-6FD3-4E4D-AE29-15F43DF7E478}.Debug|Any CPU.Build.0 = Debug|Any CPU
		{947A1E5B-6FD3-4E4D-AE29-15F43DF7E478}.Debug|Mixed Platforms.ActiveCfg = Debug|Any CPU
		{947A1E5B-6FD3-4E4D-AE29-15F43DF7E478}.Debug|Mixed Platforms.Build.0 = Debug|Any CPU
		{947A1E5B-6FD3-4E4D-AE29-15F43DF7E478}.Debug|x86.ActiveCfg = Debug|Any CPU
		{947A1E5B-6FD3-4E4D-AE29-15F43DF7E478}.Release|Any CPU.ActiveCfg = Release|Any CPU
		{947A1E5B-6FD3-4E4D-AE29-15F43DF7E478}.Release|Any CPU.Build.0 = Release|Any CPU
		{947A1E5B-6FD3-4E4D-AE29-15F43DF7E478}.Release|Mixed Platforms.ActiveCfg = Release|Any CPU
		{947A1E5B-6FD3-4E4D-AE29-15F43DF7E478}.Release|Mixed Platforms.Build.0 = Release|Any CPU
		{947A1E5B-6FD3-4E4D-AE29-15F43DF7E478}.Release|x86.ActiveCfg = Release|Any CPU
		{2D18BE89-D210-49EB-A9DD-2246FBB3DF6D}.Debug|Any CPU.ActiveCfg = Debug|Any CPU
		{2D18BE89-D210-49EB-A9DD-2246FBB3DF6D}.Debug|Any CPU.Build.0 = Debug|Any CPU
		{2D18BE89-D210-49EB-A9DD-2246FBB3DF6D}.Debug|Mixed Platforms.ActiveCfg = Debug|Any CPU
		{2D18BE89-D210-49EB-A9DD-2246FBB3DF6D}.Debug|Mixed Platforms.Build.0 = Debug|Any CPU
		{2D18BE89-D210-49EB-A9DD-2246FBB3DF6D}.Debug|x86.ActiveCfg = Debug|Any CPU
		{2D18BE89-D210-49EB-A9DD-2246FBB3DF6D}.Release|Any CPU.ActiveCfg = Release|Any CPU
		{2D18BE89-D210-49EB-A9DD-2246FBB3DF6D}.Release|Any CPU.Build.0 = Release|Any CPU
		{2D18BE89-D210-49EB-A9DD-2246FBB3DF6D}.Release|Mixed Platforms.ActiveCfg = Release|Any CPU
		{2D18BE89-D210-49EB-A9DD-2246FBB3DF6D}.Release|Mixed Platforms.Build.0 = Release|Any CPU
		{2D18BE89-D210-49EB-A9DD-2246FBB3DF6D}.Release|x86.ActiveCfg = Release|Any CPU
		{F0CE7CAD-DE71-4EED-9490-AEEB7C1BAFE1}.Debug|Any CPU.ActiveCfg = Debug|Any CPU
		{F0CE7CAD-DE71-4EED-9490-AEEB7C1BAFE1}.Debug|Any CPU.Build.0 = Debug|Any CPU
		{F0CE7CAD-DE71-4EED-9490-AEEB7C1BAFE1}.Debug|Mixed Platforms.ActiveCfg = Debug|Any CPU
		{F0CE7CAD-DE71-4EED-9490-AEEB7C1BAFE1}.Debug|Mixed Platforms.Build.0 = Debug|Any CPU
		{F0CE7CAD-DE71-4EED-9490-AEEB7C1BAFE1}.Debug|x86.ActiveCfg = Debug|Any CPU
		{F0CE7CAD-DE71-4EED-9490-AEEB7C1BAFE1}.Release|Any CPU.ActiveCfg = Release|Any CPU
		{F0CE7CAD-DE71-4EED-9490-AEEB7C1BAFE1}.Release|Any CPU.Build.0 = Release|Any CPU
		{F0CE7CAD-DE71-4EED-9490-AEEB7C1BAFE1}.Release|Mixed Platforms.ActiveCfg = Release|Any CPU
		{F0CE7CAD-DE71-4EED-9490-AEEB7C1BAFE1}.Release|Mixed Platforms.Build.0 = Release|Any CPU
		{F0CE7CAD-DE71-4EED-9490-AEEB7C1BAFE1}.Release|x86.ActiveCfg = Release|Any CPU
		{D4CEBEB4-4CE5-4FCF-A9F7-E3977A9DFB74}.Debug|Any CPU.ActiveCfg = Debug|x86
		{D4CEBEB4-4CE5-4FCF-A9F7-E3977A9DFB74}.Debug|Mixed Platforms.ActiveCfg = Debug|x86
		{D4CEBEB4-4CE5-4FCF-A9F7-E3977A9DFB74}.Debug|Mixed Platforms.Build.0 = Debug|x86
		{D4CEBEB4-4CE5-4FCF-A9F7-E3977A9DFB74}.Debug|x86.ActiveCfg = Debug|x86
		{D4CEBEB4-4CE5-4FCF-A9F7-E3977A9DFB74}.Debug|x86.Build.0 = Debug|x86
		{D4CEBEB4-4CE5-4FCF-A9F7-E3977A9DFB74}.Release|Any CPU.ActiveCfg = Release|x86
		{D4CEBEB4-4CE5-4FCF-A9F7-E3977A9DFB74}.Release|Mixed Platforms.ActiveCfg = Release|x86
		{D4CEBEB4-4CE5-4FCF-A9F7-E3977A9DFB74}.Release|Mixed Platforms.Build.0 = Release|x86
		{D4CEBEB4-4CE5-4FCF-A9F7-E3977A9DFB74}.Release|x86.ActiveCfg = Release|x86
		{D4CEBEB4-4CE5-4FCF-A9F7-E3977A9DFB74}.Release|x86.Build.0 = Release|x86
		{69BA97D2-8F6F-4AA4-8870-C5234BCF26BE}.Debug|Any CPU.ActiveCfg = Debug|x86
		{69BA97D2-8F6F-4AA4-8870-C5234BCF26BE}.Debug|Mixed Platforms.ActiveCfg = Debug|x86
		{69BA97D2-8F6F-4AA4-8870-C5234BCF26BE}.Debug|Mixed Platforms.Build.0 = Debug|x86
		{69BA97D2-8F6F-4AA4-8870-C5234BCF26BE}.Debug|x86.ActiveCfg = Debug|x86
		{69BA97D2-8F6F-4AA4-8870-C5234BCF26BE}.Debug|x86.Build.0 = Debug|x86
		{69BA97D2-8F6F-4AA4-8870-C5234BCF26BE}.Release|Any CPU.ActiveCfg = Release|x86
		{69BA97D2-8F6F-4AA4-8870-C5234BCF26BE}.Release|Mixed Platforms.ActiveCfg = Release|x86
		{69BA97D2-8F6F-4AA4-8870-C5234BCF26BE}.Release|Mixed Platforms.Build.0 = Release|x86
		{69BA97D2-8F6F-4AA4-8870-C5234BCF26BE}.Release|x86.ActiveCfg = Release|x86
		{69BA97D2-8F6F-4AA4-8870-C5234BCF26BE}.Release|x86.Build.0 = Release|x86
		{4F0C9D7F-0FA5-48C2-8298-929BBBF68C6C}.Debug|Any CPU.ActiveCfg = Debug|x86
		{4F0C9D7F-0FA5-48C2-8298-929BBBF68C6C}.Debug|Mixed Platforms.ActiveCfg = Debug|x86
		{4F0C9D7F-0FA5-48C2-8298-929BBBF68C6C}.Debug|x86.ActiveCfg = Debug|x86
		{4F0C9D7F-0FA5-48C2-8298-929BBBF68C6C}.Release|Any CPU.ActiveCfg = Release|x86
		{4F0C9D7F-0FA5-48C2-8298-929BBBF68C6C}.Release|Mixed Platforms.ActiveCfg = Release|x86
		{4F0C9D7F-0FA5-48C2-8298-929BBBF68C6C}.Release|x86.ActiveCfg = Release|x86
		{AC6299C5-17CC-4D25-9B2B-B29EB1A896DB}.Debug|Any CPU.ActiveCfg = Debug|Any CPU
		{AC6299C5-17CC-4D25-9B2B-B29EB1A896DB}.Debug|Any CPU.Build.0 = Debug|Any CPU
		{AC6299C5-17CC-4D25-9B2B-B29EB1A896DB}.Debug|Mixed Platforms.ActiveCfg = Debug|Any CPU
		{AC6299C5-17CC-4D25-9B2B-B29EB1A896DB}.Debug|Mixed Platforms.Build.0 = Debug|Any CPU
		{AC6299C5-17CC-4D25-9B2B-B29EB1A896DB}.Debug|x86.ActiveCfg = Debug|Any CPU
		{AC6299C5-17CC-4D25-9B2B-B29EB1A896DB}.Release|Any CPU.ActiveCfg = Release|Any CPU
		{AC6299C5-17CC-4D25-9B2B-B29EB1A896DB}.Release|Any CPU.Build.0 = Release|Any CPU
		{AC6299C5-17CC-4D25-9B2B-B29EB1A896DB}.Release|Mixed Platforms.ActiveCfg = Release|Any CPU
		{AC6299C5-17CC-4D25-9B2B-B29EB1A896DB}.Release|Mixed Platforms.Build.0 = Release|Any CPU
		{AC6299C5-17CC-4D25-9B2B-B29EB1A896DB}.Release|x86.ActiveCfg = Release|Any CPU
		{F6B99C08-D549-46D1-9B94-2F617CA602BE}.Debug|Any CPU.ActiveCfg = Debug|Any CPU
		{F6B99C08-D549-46D1-9B94-2F617CA602BE}.Debug|Any CPU.Build.0 = Debug|Any CPU
		{F6B99C08-D549-46D1-9B94-2F617CA602BE}.Debug|Mixed Platforms.ActiveCfg = Debug|Any CPU
		{F6B99C08-D549-46D1-9B94-2F617CA602BE}.Debug|Mixed Platforms.Build.0 = Debug|Any CPU
		{F6B99C08-D549-46D1-9B94-2F617CA602BE}.Debug|x86.ActiveCfg = Debug|Any CPU
		{F6B99C08-D549-46D1-9B94-2F617CA602BE}.Release|Any CPU.ActiveCfg = Release|Any CPU
		{F6B99C08-D549-46D1-9B94-2F617CA602BE}.Release|Any CPU.Build.0 = Release|Any CPU
		{F6B99C08-D549-46D1-9B94-2F617CA602BE}.Release|Mixed Platforms.ActiveCfg = Release|Any CPU
		{F6B99C08-D549-46D1-9B94-2F617CA602BE}.Release|Mixed Platforms.Build.0 = Release|Any CPU
		{F6B99C08-D549-46D1-9B94-2F617CA602BE}.Release|x86.ActiveCfg = Release|Any CPU
		{F963B283-5014-4F2E-B274-4329162BF7BE}.Debug|Any CPU.ActiveCfg = Debug|Any CPU
		{F963B283-5014-4F2E-B274-4329162BF7BE}.Debug|Any CPU.Build.0 = Debug|Any CPU
		{F963B283-5014-4F2E-B274-4329162BF7BE}.Debug|Mixed Platforms.ActiveCfg = Debug|Any CPU
		{F963B283-5014-4F2E-B274-4329162BF7BE}.Debug|Mixed Platforms.Build.0 = Debug|Any CPU
		{F963B283-5014-4F2E-B274-4329162BF7BE}.Debug|x86.ActiveCfg = Debug|Any CPU
		{F963B283-5014-4F2E-B274-4329162BF7BE}.Release|Any CPU.ActiveCfg = Release|Any CPU
		{F963B283-5014-4F2E-B274-4329162BF7BE}.Release|Any CPU.Build.0 = Release|Any CPU
		{F963B283-5014-4F2E-B274-4329162BF7BE}.Release|Mixed Platforms.ActiveCfg = Release|Any CPU
		{F963B283-5014-4F2E-B274-4329162BF7BE}.Release|Mixed Platforms.Build.0 = Release|Any CPU
		{F963B283-5014-4F2E-B274-4329162BF7BE}.Release|x86.ActiveCfg = Release|Any CPU
		{84F613A5-6F31-4156-843A-A613901320B1}.Debug|Any CPU.ActiveCfg = Debug|Any CPU
		{84F613A5-6F31-4156-843A-A613901320B1}.Debug|Any CPU.Build.0 = Debug|Any CPU
		{84F613A5-6F31-4156-843A-A613901320B1}.Debug|Mixed Platforms.ActiveCfg = Debug|Any CPU
		{84F613A5-6F31-4156-843A-A613901320B1}.Debug|Mixed Platforms.Build.0 = Debug|Any CPU
		{84F613A5-6F31-4156-843A-A613901320B1}.Debug|x86.ActiveCfg = Debug|Any CPU
		{84F613A5-6F31-4156-843A-A613901320B1}.Release|Any CPU.ActiveCfg = Release|Any CPU
		{84F613A5-6F31-4156-843A-A613901320B1}.Release|Any CPU.Build.0 = Release|Any CPU
		{84F613A5-6F31-4156-843A-A613901320B1}.Release|Mixed Platforms.ActiveCfg = Release|Any CPU
		{84F613A5-6F31-4156-843A-A613901320B1}.Release|Mixed Platforms.Build.0 = Release|Any CPU
		{84F613A5-6F31-4156-843A-A613901320B1}.Release|x86.ActiveCfg = Release|Any CPU
		{EC96E98D-1BCB-43F7-8A7E-2BEAC9BE1F47}.Debug|Any CPU.ActiveCfg = Debug|Any CPU
		{EC96E98D-1BCB-43F7-8A7E-2BEAC9BE1F47}.Debug|Any CPU.Build.0 = Debug|Any CPU
		{EC96E98D-1BCB-43F7-8A7E-2BEAC9BE1F47}.Debug|Mixed Platforms.ActiveCfg = Debug|Any CPU
		{EC96E98D-1BCB-43F7-8A7E-2BEAC9BE1F47}.Debug|Mixed Platforms.Build.0 = Debug|Any CPU
		{EC96E98D-1BCB-43F7-8A7E-2BEAC9BE1F47}.Debug|x86.ActiveCfg = Debug|Any CPU
		{EC96E98D-1BCB-43F7-8A7E-2BEAC9BE1F47}.Release|Any CPU.ActiveCfg = Release|Any CPU
		{EC96E98D-1BCB-43F7-8A7E-2BEAC9BE1F47}.Release|Any CPU.Build.0 = Release|Any CPU
		{EC96E98D-1BCB-43F7-8A7E-2BEAC9BE1F47}.Release|Mixed Platforms.ActiveCfg = Release|Any CPU
		{EC96E98D-1BCB-43F7-8A7E-2BEAC9BE1F47}.Release|Mixed Platforms.Build.0 = Release|Any CPU
		{EC96E98D-1BCB-43F7-8A7E-2BEAC9BE1F47}.Release|x86.ActiveCfg = Release|Any CPU
		{0869FFBF-0AC9-49CC-8E7A-CC1C52D99559}.Debug|Any CPU.ActiveCfg = Debug|x86
		{0869FFBF-0AC9-49CC-8E7A-CC1C52D99559}.Debug|Mixed Platforms.ActiveCfg = Debug|x86
		{0869FFBF-0AC9-49CC-8E7A-CC1C52D99559}.Debug|Mixed Platforms.Build.0 = Debug|x86
		{0869FFBF-0AC9-49CC-8E7A-CC1C52D99559}.Debug|x86.ActiveCfg = Debug|x86
		{0869FFBF-0AC9-49CC-8E7A-CC1C52D99559}.Debug|x86.Build.0 = Debug|x86
		{0869FFBF-0AC9-49CC-8E7A-CC1C52D99559}.Release|Any CPU.ActiveCfg = Release|x86
		{0869FFBF-0AC9-49CC-8E7A-CC1C52D99559}.Release|Mixed Platforms.ActiveCfg = Release|x86
		{0869FFBF-0AC9-49CC-8E7A-CC1C52D99559}.Release|Mixed Platforms.Build.0 = Release|x86
		{0869FFBF-0AC9-49CC-8E7A-CC1C52D99559}.Release|x86.ActiveCfg = Release|x86
		{0869FFBF-0AC9-49CC-8E7A-CC1C52D99559}.Release|x86.Build.0 = Release|x86
		{89610A03-345B-4CDA-93CC-FCE33D8AA54E}.Debug|Any CPU.ActiveCfg = Debug|Any CPU
		{89610A03-345B-4CDA-93CC-FCE33D8AA54E}.Debug|Any CPU.Build.0 = Debug|Any CPU
		{89610A03-345B-4CDA-93CC-FCE33D8AA54E}.Debug|Mixed Platforms.ActiveCfg = Debug|Any CPU
		{89610A03-345B-4CDA-93CC-FCE33D8AA54E}.Debug|Mixed Platforms.Build.0 = Debug|Any CPU
		{89610A03-345B-4CDA-93CC-FCE33D8AA54E}.Debug|x86.ActiveCfg = Debug|Any CPU
		{89610A03-345B-4CDA-93CC-FCE33D8AA54E}.Release|Any CPU.ActiveCfg = Release|Any CPU
		{89610A03-345B-4CDA-93CC-FCE33D8AA54E}.Release|Any CPU.Build.0 = Release|Any CPU
		{89610A03-345B-4CDA-93CC-FCE33D8AA54E}.Release|Mixed Platforms.ActiveCfg = Release|Any CPU
		{89610A03-345B-4CDA-93CC-FCE33D8AA54E}.Release|Mixed Platforms.Build.0 = Release|Any CPU
		{89610A03-345B-4CDA-93CC-FCE33D8AA54E}.Release|x86.ActiveCfg = Release|Any CPU
	EndGlobalSection
	GlobalSection(SolutionProperties) = preSolution
		HideSolutionNode = FALSE
	EndGlobalSection
EndGlobal
